
Microsoft Visual Studio Solution File, Format Version 12.00
# Visual Studio Version 16
VisualStudioVersion = 16.0.31019.35
MinimumVisualStudioVersion = 10.0.40219.1
Project("{FAE04EC0-301F-11D3-BF4B-00C04F79EFBC}") = "Account_api", "Account_api\Account_api.csproj", "{1309788C-3389-430F-AB74-D9736652AD1F}"
EndProject
Global
	GlobalSection(SolutionConfigurationPlatforms) = preSolution
		Debug|Any CPU = Debug|Any CPU
		Release|Any CPU = Release|Any CPU
	EndGlobalSection
	GlobalSection(ProjectConfigurationPlatforms) = postSolution
		{1309788C-3389-430F-AB74-D9736652AD1F}.Debug|Any CPU.ActiveCfg = Debug|Any CPU
		{1309788C-3389-430F-AB74-D9736652AD1F}.Debug|Any CPU.Build.0 = Debug|Any CPU
		{1309788C-3389-430F-AB74-D9736652AD1F}.Release|Any CPU.ActiveCfg = Release|Any CPU
		{1309788C-3389-430F-AB74-D9736652AD1F}.Release|Any CPU.Build.0 = Release|Any CPU
	EndGlobalSection
	GlobalSection(SolutionProperties) = preSolution
		HideSolutionNode = FALSE
	EndGlobalSection
	GlobalSection(ExtensibilityGlobals) = postSolution
		SolutionGuid = {4CB33171-C721-421C-AD4B-D8AADE5860BE}
	EndGlobalSection
EndGlobal
